<?xml version="1.0" encoding="UTF-8"?>
<Project ToolsVersion="4.0" xmlns="http://schemas.microsoft.com/developer/msbuild/2003">
  <ItemGroup>
    <CustomBuild Include="CMakeFiles\179e09f7be4ddb3ad5ab81a16e07e8f6\generate.stamp.rule">
      <Filter>CMake Rules</Filter>
    </CustomBuild>
  </ItemGroup>
  <ItemGroup>
    <Filter Include="CMake Rules">
      <UniqueIdentifier>{1C3B555D-0B52-30A0-B1BB-D6C0E729D27C}</UniqueIdentifier>
    </Filter>
  </ItemGroup>
</Project>
